
Microsoft Visual Studio Solution File, Format Version 12.00
# Visual Studio Version 16
VisualStudioVersion = 16.0.31424.327
MinimumVisualStudioVersion = 10.0.40219.1
Project("{FAE04EC0-301F-11D3-BF4B-00C04F79EFBC}") = "Webhook.Reactor", "Webhook.Reactor\Webhook.Reactor.csproj", "{3AF41B94-0160-430D-9069-BE4876BD617B}"
EndProject
Global
	GlobalSection(SolutionConfigurationPlatforms) = preSolution
		Debug|Any CPU = Debug|Any CPU
		Release|Any CPU = Release|Any CPU
	EndGlobalSection
	GlobalSection(ProjectConfigurationPlatforms) = postSolution
		{3AF41B94-0160-430D-9069-BE4876BD617B}.Debug|Any CPU.ActiveCfg = Debug|Any CPU
		{3AF41B94-0160-430D-9069-BE4876BD617B}.Debug|Any CPU.Build.0 = Debug|Any CPU
		{3AF41B94-0160-430D-9069-BE4876BD617B}.Release|Any CPU.ActiveCfg = Release|Any CPU
		{3AF41B94-0160-430D-9069-BE4876BD617B}.Release|Any CPU.Build.0 = Release|Any CPU
	EndGlobalSection
	GlobalSection(SolutionProperties) = preSolution
		HideSolutionNode = FALSE
	EndGlobalSection
	GlobalSection(ExtensibilityGlobals) = postSolution
		SolutionGuid = {9AB96FFF-95AD-441A-A728-8681D481DFEC}
	EndGlobalSection
EndGlobal
